
Microsoft Visual Studio Solution File, Format Version 12.00
# Visual Studio Version 17
VisualStudioVersion = 17.10.35027.167
MinimumVisualStudioVersion = 10.0.40219.1
Project("{2150E333-8FDC-42A3-9474-1A3956D46DE8}") = "1. Apresentação", "1. Apresentação", "{42D2D614-C52D-4ADA-8309-6AE0F92D415D}"
EndProject
Project("{2150E333-8FDC-42A3-9474-1A3956D46DE8}") = "2. Dominio", "2. Dominio", "{25A671A1-EFBA-4E82-BD95-8B3F03B18A2A}"
EndProject
Project("{2150E333-8FDC-42A3-9474-1A3956D46DE8}") = "3. Infraestrutura", "3. Infraestrutura", "{A7E0B2B8-8045-4E84-8AF9-D42745D25CD3}"
EndProject
Project("{2150E333-8FDC-42A3-9474-1A3956D46DE8}") = "4. Testes", "4. Testes", "{2D488CE3-941A-4C21-9934-FCC47E38197B}"
EndProject
Project("{FAE04EC0-301F-11D3-BF4B-00C04F79EFBC}") = "ControleDeCinema.Dominio", "ControleDeCinema.Dominio\ControleDeCinema.Dominio.csproj", "{FC33FE64-A58D-403A-AA38-1F2EE7C6D174}"
EndProject
Project("{2150E333-8FDC-42A3-9474-1A3956D46DE8}") = "4.1. Unidade", "4.1. Unidade", "{2D066E16-780D-4DBE-9262-65576D9C12B3}"
EndProject
Project("{2150E333-8FDC-42A3-9474-1A3956D46DE8}") = "4.2. Integração", "4.2. Integração", "{7157E3BE-27F3-47FA-ACD4-BE27C0F1DA4E}"
EndProject
Project("{9A19103F-16F7-4668-BE54-9A1E7A4F7556}") = "ControleDeCinema.Infra.Orm", "ControleDeCinema.Infra.Orm\ControleDeCinema.Infra.Orm.csproj", "{658FE2DC-CECA-4FCD-AF44-5024E653061C}"
EndProject
Project("{FAE04EC0-301F-11D3-BF4B-00C04F79EFBC}") = "ControleDeCinema.WebApp", "ControleDeCinema.WebApp\ControleDeCinema.WebApp.csproj", "{C90F2029-66E6-492A-B744-4C21B7379B22}"
EndProject
Global
	GlobalSection(SolutionConfigurationPlatforms) = preSolution
		Debug|Any CPU = Debug|Any CPU
		Release|Any CPU = Release|Any CPU
	EndGlobalSection
	GlobalSection(ProjectConfigurationPlatforms) = postSolution
		{FC33FE64-A58D-403A-AA38-1F2EE7C6D174}.Debug|Any CPU.ActiveCfg = Debug|Any CPU
		{FC33FE64-A58D-403A-AA38-1F2EE7C6D174}.Debug|Any CPU.Build.0 = Debug|Any CPU
		{FC33FE64-A58D-403A-AA38-1F2EE7C6D174}.Release|Any CPU.ActiveCfg = Release|Any CPU
		{FC33FE64-A58D-403A-AA38-1F2EE7C6D174}.Release|Any CPU.Build.0 = Release|Any CPU
		{658FE2DC-CECA-4FCD-AF44-5024E653061C}.Debug|Any CPU.ActiveCfg = Debug|Any CPU
		{658FE2DC-CECA-4FCD-AF44-5024E653061C}.Debug|Any CPU.Build.0 = Debug|Any CPU
		{658FE2DC-CECA-4FCD-AF44-5024E653061C}.Release|Any CPU.ActiveCfg = Release|Any CPU
		{658FE2DC-CECA-4FCD-AF44-5024E653061C}.Release|Any CPU.Build.0 = Release|Any CPU
		{C90F2029-66E6-492A-B744-4C21B7379B22}.Debug|Any CPU.ActiveCfg = Debug|Any CPU
		{C90F2029-66E6-492A-B744-4C21B7379B22}.Debug|Any CPU.Build.0 = Debug|Any CPU
		{C90F2029-66E6-492A-B744-4C21B7379B22}.Release|Any CPU.ActiveCfg = Release|Any CPU
		{C90F2029-66E6-492A-B744-4C21B7379B22}.Release|Any CPU.Build.0 = Release|Any CPU
	EndGlobalSection
	GlobalSection(SolutionProperties) = preSolution
		HideSolutionNode = FALSE
	EndGlobalSection
	GlobalSection(NestedProjects) = preSolution
		{FC33FE64-A58D-403A-AA38-1F2EE7C6D174} = {25A671A1-EFBA-4E82-BD95-8B3F03B18A2A}
		{2D066E16-780D-4DBE-9262-65576D9C12B3} = {2D488CE3-941A-4C21-9934-FCC47E38197B}
		{7157E3BE-27F3-47FA-ACD4-BE27C0F1DA4E} = {2D488CE3-941A-4C21-9934-FCC47E38197B}
		{658FE2DC-CECA-4FCD-AF44-5024E653061C} = {A7E0B2B8-8045-4E84-8AF9-D42745D25CD3}
		{C90F2029-66E6-492A-B744-4C21B7379B22} = {42D2D614-C52D-4ADA-8309-6AE0F92D415D}
	EndGlobalSection
	GlobalSection(ExtensibilityGlobals) = postSolution
		SolutionGuid = {97FD9774-5F18-4218-BD27-A24331ABD6EA}
	EndGlobalSection
EndGlobal
